
Microsoft Visual Studio Solution File, Format Version 12.00
# Visual Studio Version 17
VisualStudioVersion = 17.8.34309.116
MinimumVisualStudioVersion = 10.0.40219.1
Project("{9A19103F-16F7-4668-BE54-9A1E7A4F7556}") = "ContatosGAV", "ContatosGAV.csproj", "{1F8CB395-C344-438C-BD8E-E782FC289EFB}"
EndProject
Project("{2150E333-8FDC-42A3-9474-1A3956D46DE8}") = "Services", "Services", "{D37EC1E8-6734-4DC2-9BDA-0D7005B562ED}"
EndProject
Project("{FAE04EC0-301F-11D3-BF4B-00C04F79EFBC}") = "Usuario", "..\Usuario\Usuario.csproj", "{659A5EE4-952F-4281-8C14-AFA9C23BE664}"
EndProject
Global
	GlobalSection(SolutionConfigurationPlatforms) = preSolution
		Debug|Any CPU = Debug|Any CPU
		Release|Any CPU = Release|Any CPU
	EndGlobalSection
	GlobalSection(ProjectConfigurationPlatforms) = postSolution
		{1F8CB395-C344-438C-BD8E-E782FC289EFB}.Debug|Any CPU.ActiveCfg = Debug|Any CPU
		{1F8CB395-C344-438C-BD8E-E782FC289EFB}.Debug|Any CPU.Build.0 = Debug|Any CPU
		{1F8CB395-C344-438C-BD8E-E782FC289EFB}.Release|Any CPU.ActiveCfg = Release|Any CPU
		{1F8CB395-C344-438C-BD8E-E782FC289EFB}.Release|Any CPU.Build.0 = Release|Any CPU
		{659A5EE4-952F-4281-8C14-AFA9C23BE664}.Debug|Any CPU.ActiveCfg = Debug|Any CPU
		{659A5EE4-952F-4281-8C14-AFA9C23BE664}.Debug|Any CPU.Build.0 = Debug|Any CPU
		{659A5EE4-952F-4281-8C14-AFA9C23BE664}.Release|Any CPU.ActiveCfg = Release|Any CPU
		{659A5EE4-952F-4281-8C14-AFA9C23BE664}.Release|Any CPU.Build.0 = Release|Any CPU
	EndGlobalSection
	GlobalSection(SolutionProperties) = preSolution
		HideSolutionNode = FALSE
	EndGlobalSection
	GlobalSection(NestedProjects) = preSolution
		{1F8CB395-C344-438C-BD8E-E782FC289EFB} = {D37EC1E8-6734-4DC2-9BDA-0D7005B562ED}
		{659A5EE4-952F-4281-8C14-AFA9C23BE664} = {D37EC1E8-6734-4DC2-9BDA-0D7005B562ED}
	EndGlobalSection
	GlobalSection(ExtensibilityGlobals) = postSolution
		SolutionGuid = {050BC996-6F0E-4D17-91A7-78D580B1EC98}
	EndGlobalSection
EndGlobal
